{
  "name": "cloudex-codex-control",
  "version": "0.1.0",
  "lockfileVersion": 3,
  "requires": true,
  "packages": {
    "": {
      "name": "cloudex-codex-control",
      "version": "0.1.0",
      "workspaces": [
        "apps/server",
        "packages/shared"
      ],
      "engines": {
        "node": ">=22"
      }
    },
    "apps/server": {
      "name": "cloudex",
      "version": "0.1.0",
      "dependencies": {
        "qrcode-terminal": "^0.12.0"
      },
      "bin": {
        "cloudex": "bin/cloudex.js"
      },
      "engines": {
        "node": ">=22"
      }
    },
    "node_modules/@cloudex/shared": {
      "resolved": "packages/shared",
      "link": true
    },
    "node_modules/cloudex": {
      "resolved": "apps/server",
      "link": true
    },
    "node_modules/qrcode-terminal": {
      "version": "0.12.0",
      "resolved": "https://registry.npmjs.org/qrcode-terminal/-/qrcode-terminal-0.12.0.tgz",
      "integrity": "sha512-EXtzRZmC+YGmGlDFbXKxQiMZNwCLEO6BANKXG4iCtSIM0yqc/pappSx3RIKr4r0uh5JsBckOXeKrB3Iz7mdQpQ==",
      "bin": {
        "qrcode-terminal": "bin/qrcode-terminal.js"
      }
    },
    "packages/shared": {
      "name": "@cloudex/shared",
      "version": "0.1.0"
    }
  }
}
