// !$*UTF8*$!
{
	archiveVersion = 1;
	classes = {
	};
	objectVersion = 56;
	objects = {

/* Begin PBXBuildFile section */
		A00000000000000000000001 /* CloudexNativeApp.swift in Sources */ = {isa = PBXBuildFile; fileRef = B00000000000000000000001 /* CloudexNativeApp.swift */; };
		A00000000000000000000002 /* Models.swift in Sources */ = {isa = PBXBuildFile; fileRef = B00000000000000000000002 /* Models.swift */; };
		A00000000000000000000003 /* APIClient.swift in Sources */ = {isa = PBXBuildFile; fileRef = B00000000000000000000003 /* APIClient.swift */; };
		A00000000000000000000004 /* SSEClient.swift in Sources */ = {isa = PBXBuildFile; fileRef = B00000000000000000000004 /* SSEClient.swift */; };
		A00000000000000000000005 /* AppViewModel.swift in Sources */ = {isa = PBXBuildFile; fileRef = B00000000000000000000005 /* AppViewModel.swift */; };
		A00000000000000000000006 /* ContentView.swift in Sources */ = {isa = PBXBuildFile; fileRef = B00000000000000000000006 /* ContentView.swift */; };
		A00000000000000000000007 /* SidebarView.swift in Sources */ = {isa = PBXBuildFile; fileRef = B00000000000000000000007 /* SidebarView.swift */; };
		A00000000000000000000008 /* SettingsView.swift in Sources */ = {isa = PBXBuildFile; fileRef = B00000000000000000000008 /* SettingsView.swift */; };
		A00000000000000000000009 /* RemoteFilePickerView.swift in Sources */ = {isa = PBXBuildFile; fileRef = B00000000000000000000009 /* RemoteFilePickerView.swift */; };
		A0000000000000000000000A /* LocalConversationCache.swift in Sources */ = {isa = PBXBuildFile; fileRef = B0000000000000000000000C /* LocalConversationCache.swift */; };
		A0000000000000000000000B /* gitdiff in Frameworks */ = {isa = PBXBuildFile; productRef = H00000000000000000000002 /* gitdiff */; };
		A0000000000000000000000C /* WorkspaceTabsView.swift in Sources */ = {isa = PBXBuildFile; fileRef = B0000000000000000000000D /* WorkspaceTabsView.swift */; };
		A0000000000000000000000D /* CodePreviewView.swift in Sources */ = {isa = PBXBuildFile; fileRef = B0000000000000000000000E /* CodePreviewView.swift */; };
/* End PBXBuildFile section */

/* Begin PBXFileReference section */
		B00000000000000000000001 /* CloudexNativeApp.swift */ = {isa = PBXFileReference; lastKnownFileType = sourcecode.swift; path = CloudexNativeApp.swift; sourceTree = "<group>"; };
		B00000000000000000000002 /* Models.swift */ = {isa = PBXFileReference; lastKnownFileType = sourcecode.swift; path = Models.swift; sourceTree = "<group>"; };
		B00000000000000000000003 /* APIClient.swift */ = {isa = PBXFileReference; lastKnownFileType = sourcecode.swift; path = APIClient.swift; sourceTree = "<group>"; };
		B00000000000000000000004 /* SSEClient.swift */ = {isa = PBXFileReference; lastKnownFileType = sourcecode.swift; path = SSEClient.swift; sourceTree = "<group>"; };
		B00000000000000000000005 /* AppViewModel.swift */ = {isa = PBXFileReference; lastKnownFileType = sourcecode.swift; path = AppViewModel.swift; sourceTree = "<group>"; };
		B00000000000000000000006 /* ContentView.swift */ = {isa = PBXFileReference; lastKnownFileType = sourcecode.swift; path = ContentView.swift; sourceTree = "<group>"; };
		B00000000000000000000007 /* SidebarView.swift */ = {isa = PBXFileReference; lastKnownFileType = sourcecode.swift; path = SidebarView.swift; sourceTree = "<group>"; };
		B00000000000000000000008 /* SettingsView.swift */ = {isa = PBXFileReference; lastKnownFileType = sourcecode.swift; path = SettingsView.swift; sourceTree = "<group>"; };
		B00000000000000000000009 /* RemoteFilePickerView.swift */ = {isa = PBXFileReference; lastKnownFileType = sourcecode.swift; path = RemoteFilePickerView.swift; sourceTree = "<group>"; };
		B0000000000000000000000C /* LocalConversationCache.swift */ = {isa = PBXFileReference; lastKnownFileType = sourcecode.swift; path = LocalConversationCache.swift; sourceTree = "<group>"; };
		B0000000000000000000000D /* WorkspaceTabsView.swift */ = {isa = PBXFileReference; lastKnownFileType = sourcecode.swift; path = WorkspaceTabsView.swift; sourceTree = "<group>"; };
		B0000000000000000000000E /* CodePreviewView.swift */ = {isa = PBXFileReference; lastKnownFileType = sourcecode.swift; path = CodePreviewView.swift; sourceTree = "<group>"; };
		B0000000000000000000000A /* Info.plist */ = {isa = PBXFileReference; lastKnownFileType = text.plist.xml; path = Info.plist; sourceTree = "<group>"; };
		B0000000000000000000000B /* CloudexNative.app */ = {isa = PBXFileReference; explicitFileType = wrapper.application; includeInIndex = 0; path = CloudexNative.app; sourceTree = BUILT_PRODUCTS_DIR; };
/* End PBXFileReference section */

/* Begin PBXFrameworksBuildPhase section */
		D00000000000000000000002 /* Frameworks */ = {
			isa = PBXFrameworksBuildPhase;
			buildActionMask = 2147483647;
			files = (
				A0000000000000000000000B /* gitdiff in Frameworks */,
			);
			runOnlyForDeploymentPostprocessing = 0;
		};
/* End PBXFrameworksBuildPhase section */

/* Begin PBXGroup section */
		C00000000000000000000001 = {
			isa = PBXGroup;
			children = (
				C00000000000000000000002 /* CloudexNative */,
				C00000000000000000000003 /* Products */,
			);
			sourceTree = "<group>";
		};
		C00000000000000000000002 /* CloudexNative */ = {
			isa = PBXGroup;
			children = (
				B00000000000000000000001 /* CloudexNativeApp.swift */,
				B00000000000000000000002 /* Models.swift */,
				B00000000000000000000003 /* APIClient.swift */,
				B00000000000000000000004 /* SSEClient.swift */,
				B00000000000000000000005 /* AppViewModel.swift */,
				B00000000000000000000006 /* ContentView.swift */,
				B00000000000000000000007 /* SidebarView.swift */,
				B00000000000000000000008 /* SettingsView.swift */,
				B00000000000000000000009 /* RemoteFilePickerView.swift */,
				B0000000000000000000000C /* LocalConversationCache.swift */,
				B0000000000000000000000D /* WorkspaceTabsView.swift */,
				B0000000000000000000000E /* CodePreviewView.swift */,
				B0000000000000000000000A /* Info.plist */,
			);
			path = CloudexNative;
			sourceTree = "<group>";
		};
		C00000000000000000000003 /* Products */ = {
			isa = PBXGroup;
			children = (
				B0000000000000000000000B /* CloudexNative.app */,
			);
			name = Products;
			sourceTree = "<group>";
		};
/* End PBXGroup section */

/* Begin PBXNativeTarget section */
		E00000000000000000000001 /* CloudexNative */ = {
			isa = PBXNativeTarget;
			buildConfigurationList = G00000000000000000000002 /* Build configuration list for PBXNativeTarget "CloudexNative" */;
			buildPhases = (
				D00000000000000000000001 /* Sources */,
				D00000000000000000000002 /* Frameworks */,
				D00000000000000000000003 /* Resources */,
			);
			buildRules = (
			);
			dependencies = (
			);
			name = CloudexNative;
			packageProductDependencies = (
				H00000000000000000000002 /* gitdiff */,
			);
			productName = CloudexNative;
			productReference = B0000000000000000000000B /* CloudexNative.app */;
			productType = "com.apple.product-type.application";
		};
/* End PBXNativeTarget section */

/* Begin PBXProject section */
		E00000000000000000000002 /* Project object */ = {
			isa = PBXProject;
			attributes = {
				BuildIndependentTargetsInParallel = 1;
				LastSwiftUpdateCheck = 1600;
				LastUpgradeCheck = 1600;
				TargetAttributes = {
					E00000000000000000000001 = {
						CreatedOnToolsVersion = 16.0;
					};
				};
			};
			buildConfigurationList = G00000000000000000000001 /* Build configuration list for PBXProject "CloudexNative" */;
			compatibilityVersion = "Xcode 14.0";
			developmentRegion = zh-Hans;
			hasScannedForEncodings = 0;
			knownRegions = (
				en,
				Base,
				"zh-Hans",
			);
			mainGroup = C00000000000000000000001;
			packageReferences = (
				H00000000000000000000001 /* XCRemoteSwiftPackageReference "gitdiff" */,
			);
			productRefGroup = C00000000000000000000003 /* Products */;
			projectDirPath = "";
			projectRoot = "";
			targets = (
				E00000000000000000000001 /* CloudexNative */,
			);
		};
/* End PBXProject section */

/* Begin PBXResourcesBuildPhase section */
		D00000000000000000000003 /* Resources */ = {
			isa = PBXResourcesBuildPhase;
			buildActionMask = 2147483647;
			files = (
			);
			runOnlyForDeploymentPostprocessing = 0;
		};
/* End PBXResourcesBuildPhase section */

/* Begin PBXSourcesBuildPhase section */
		D00000000000000000000001 /* Sources */ = {
			isa = PBXSourcesBuildPhase;
			buildActionMask = 2147483647;
			files = (
				A00000000000000000000001 /* CloudexNativeApp.swift in Sources */,
				A00000000000000000000002 /* Models.swift in Sources */,
				A00000000000000000000003 /* APIClient.swift in Sources */,
				A00000000000000000000004 /* SSEClient.swift in Sources */,
				A00000000000000000000005 /* AppViewModel.swift in Sources */,
				A00000000000000000000006 /* ContentView.swift in Sources */,
				A00000000000000000000007 /* SidebarView.swift in Sources */,
				A00000000000000000000008 /* SettingsView.swift in Sources */,
				A00000000000000000000009 /* RemoteFilePickerView.swift in Sources */,
				A0000000000000000000000A /* LocalConversationCache.swift in Sources */,
				A0000000000000000000000C /* WorkspaceTabsView.swift in Sources */,
				A0000000000000000000000D /* CodePreviewView.swift in Sources */,
			);
			runOnlyForDeploymentPostprocessing = 0;
		};
/* End PBXSourcesBuildPhase section */

/* Begin XCBuildConfiguration section */
		F00000000000000000000001 /* Debug */ = {
			isa = XCBuildConfiguration;
			buildSettings = {
				ALWAYS_SEARCH_USER_PATHS = NO;
				CLANG_ENABLE_MODULES = YES;
				CLANG_ENABLE_OBJC_ARC = YES;
				COPY_PHASE_STRIP = NO;
				DEBUG_INFORMATION_FORMAT = dwarf;
				ENABLE_TESTABILITY = YES;
				GCC_C_LANGUAGE_STANDARD = gnu17;
				GCC_OPTIMIZATION_LEVEL = 0;
				IPHONEOS_DEPLOYMENT_TARGET = 17.0;
				ONLY_ACTIVE_ARCH = YES;
				SDKROOT = iphoneos;
				SWIFT_ACTIVE_COMPILATION_CONDITIONS = "DEBUG $(inherited)";
				SWIFT_OPTIMIZATION_LEVEL = "-Onone";
			};
			name = Debug;
		};
		F00000000000000000000002 /* Release */ = {
			isa = XCBuildConfiguration;
			buildSettings = {
				ALWAYS_SEARCH_USER_PATHS = NO;
				CLANG_ENABLE_MODULES = YES;
				CLANG_ENABLE_OBJC_ARC = YES;
				COPY_PHASE_STRIP = NO;
				DEBUG_INFORMATION_FORMAT = "dwarf-with-dsym";
				GCC_C_LANGUAGE_STANDARD = gnu17;
				IPHONEOS_DEPLOYMENT_TARGET = 17.0;
				SDKROOT = iphoneos;
				SWIFT_COMPILATION_MODE = wholemodule;
				VALIDATE_PRODUCT = YES;
			};
			name = Release;
		};
		F00000000000000000000003 /* Debug */ = {
			isa = XCBuildConfiguration;
			buildSettings = {
				CODE_SIGN_STYLE = Automatic;
				CURRENT_PROJECT_VERSION = 1;
				DEVELOPMENT_TEAM = 95VS96F47C;
				DEVELOPMENT_ASSET_PATHS = "";
				GENERATE_INFOPLIST_FILE = NO;
				INFOPLIST_FILE = CloudexNative/Info.plist;
				LD_RUNPATH_SEARCH_PATHS = "$(inherited) @executable_path/Frameworks";
				MARKETING_VERSION = 0.1.0;
				PRODUCT_BUNDLE_IDENTIFIER = com.cloudex.native;
				PRODUCT_NAME = "$(TARGET_NAME)";
				SUPPORTED_PLATFORMS = "iphoneos iphonesimulator";
				SWIFT_EMIT_LOC_STRINGS = YES;
				SWIFT_VERSION = 5.0;
				TARGETED_DEVICE_FAMILY = "1,2";
			};
			name = Debug;
		};
		F00000000000000000000004 /* Release */ = {
			isa = XCBuildConfiguration;
			buildSettings = {
				CODE_SIGN_STYLE = Automatic;
				CURRENT_PROJECT_VERSION = 1;
				DEVELOPMENT_TEAM = 95VS96F47C;
				DEVELOPMENT_ASSET_PATHS = "";
				GENERATE_INFOPLIST_FILE = NO;
				INFOPLIST_FILE = CloudexNative/Info.plist;
				LD_RUNPATH_SEARCH_PATHS = "$(inherited) @executable_path/Frameworks";
				MARKETING_VERSION = 0.1.0;
				PRODUCT_BUNDLE_IDENTIFIER = com.cloudex.native;
				PRODUCT_NAME = "$(TARGET_NAME)";
				SUPPORTED_PLATFORMS = "iphoneos iphonesimulator";
				SWIFT_EMIT_LOC_STRINGS = YES;
				SWIFT_VERSION = 5.0;
				TARGETED_DEVICE_FAMILY = "1,2";
			};
			name = Release;
		};
/* End XCBuildConfiguration section */

/* Begin XCConfigurationList section */
		G00000000000000000000001 /* Build configuration list for PBXProject "CloudexNative" */ = {
			isa = XCConfigurationList;
			buildConfigurations = (
				F00000000000000000000001 /* Debug */,
				F00000000000000000000002 /* Release */,
			);
			defaultConfigurationIsVisible = 0;
			defaultConfigurationName = Release;
		};
		G00000000000000000000002 /* Build configuration list for PBXNativeTarget "CloudexNative" */ = {
			isa = XCConfigurationList;
			buildConfigurations = (
				F00000000000000000000003 /* Debug */,
				F00000000000000000000004 /* Release */,
			);
			defaultConfigurationIsVisible = 0;
			defaultConfigurationName = Release;
		};
/* End XCConfigurationList section */

/* Begin XCRemoteSwiftPackageReference section */
		H00000000000000000000001 /* XCRemoteSwiftPackageReference "gitdiff" */ = {
			isa = XCRemoteSwiftPackageReference;
			repositoryURL = "https://github.com/tornikegomareli/gitdiff.git";
			requirement = {
				kind = upToNextMajorVersion;
				minimumVersion = 0.1.0;
			};
		};
/* End XCRemoteSwiftPackageReference section */

/* Begin XCSwiftPackageProductDependency section */
		H00000000000000000000002 /* gitdiff */ = {
			isa = XCSwiftPackageProductDependency;
			package = H00000000000000000000001 /* XCRemoteSwiftPackageReference "gitdiff" */;
			productName = gitdiff;
		};
/* End XCSwiftPackageProductDependency section */
	};
	rootObject = E00000000000000000000002 /* Project object */;
}
